
Microsoft Visual Studio Solution File, Format Version 12.00
# Visual Studio 15
VisualStudioVersion = 15.0.27130.2020
MinimumVisualStudioVersion = 10.0.40219.1
Project("{FAE04EC0-301F-11D3-BF4B-00C04F79EFBC}") = "Discrete", "Discrete\Discrete.csproj", "{0A418556-4DE5-4684-B8B7-396333F4653B}"
EndProject
Global
	GlobalSection(SolutionConfigurationPlatforms) = preSolution
		Debug|Any CPU = Debug|Any CPU
		Release|Any CPU = Release|Any CPU
	EndGlobalSection
	GlobalSection(ProjectConfigurationPlatforms) = postSolution
		{0A418556-4DE5-4684-B8B7-396333F4653B}.Debug|Any CPU.ActiveCfg = Debug|Any CPU
		{0A418556-4DE5-4684-B8B7-396333F4653B}.Debug|Any CPU.Build.0 = Debug|Any CPU
		{0A418556-4DE5-4684-B8B7-396333F4653B}.Release|Any CPU.ActiveCfg = Release|Any CPU
		{0A418556-4DE5-4684-B8B7-396333F4653B}.Release|Any CPU.Build.0 = Release|Any CPU
	EndGlobalSection
	GlobalSection(SolutionProperties) = preSolution
		HideSolutionNode = FALSE
	EndGlobalSection
	GlobalSection(ExtensibilityGlobals) = postSolution
		SolutionGuid = {9FD9D93D-933A-4542-89FC-D36EEA39F425}
	EndGlobalSection
EndGlobal
